
Microsoft Visual Studio Solution File, Format Version 12.00
# Visual Studio Version 17
VisualStudioVersion = 17.3.32929.385
MinimumVisualStudioVersion = 10.0.40219.1
Project("{9A19103F-16F7-4668-BE54-9A1E7A4F7556}") = "AirlineWeb", "AirlineWeb\AirlineWeb.csproj", "{EA1F17EF-F001-44DB-9326-2DA651F316D6}"
EndProject
Project("{9A19103F-16F7-4668-BE54-9A1E7A4F7556}") = "AirlineSendAgent", "AirlineSendAgent\AirlineSendAgent.csproj", "{553AF084-024D-4DD5-A5C6-0080F0E76C24}"
EndProject
Project("{9A19103F-16F7-4668-BE54-9A1E7A4F7556}") = "TravelAgentWeb", "TravelAgentWeb\TravelAgentWeb.csproj", "{7B04CE9F-3929-4368-AAE3-C21571EF95C5}"
EndProject
Project("{2150E333-8FDC-42A3-9474-1A3956D46DE8}") = "Solution Items", "Solution Items", "{13268D5B-D854-4FDF-8AF5-5A639C0F21AC}"
	ProjectSection(SolutionItems) = preProject
		docker-compose.yaml = docker-compose.yaml
	EndProjectSection
EndProject
Project("{E53339B2-1760-4266-BCC7-CA923CBCF16C}") = "docker-compose", "docker-compose.dcproj", "{57CCE085-1314-4D8D-B636-2BF90B873CA4}"
EndProject
Project("{2150E333-8FDC-42A3-9474-1A3956D46DE8}") = "Profiles", "Profiles", "{282ECFDC-112B-45CA-AAA1-40891A269A2F}"
EndProject
Global
	GlobalSection(SolutionConfigurationPlatforms) = preSolution
		Debug|Any CPU = Debug|Any CPU
		Release|Any CPU = Release|Any CPU
	EndGlobalSection
	GlobalSection(ProjectConfigurationPlatforms) = postSolution
		{EA1F17EF-F001-44DB-9326-2DA651F316D6}.Debug|Any CPU.ActiveCfg = Debug|Any CPU
		{EA1F17EF-F001-44DB-9326-2DA651F316D6}.Debug|Any CPU.Build.0 = Debug|Any CPU
		{EA1F17EF-F001-44DB-9326-2DA651F316D6}.Release|Any CPU.ActiveCfg = Release|Any CPU
		{EA1F17EF-F001-44DB-9326-2DA651F316D6}.Release|Any CPU.Build.0 = Release|Any CPU
		{553AF084-024D-4DD5-A5C6-0080F0E76C24}.Debug|Any CPU.ActiveCfg = Debug|Any CPU
		{553AF084-024D-4DD5-A5C6-0080F0E76C24}.Debug|Any CPU.Build.0 = Debug|Any CPU
		{553AF084-024D-4DD5-A5C6-0080F0E76C24}.Release|Any CPU.ActiveCfg = Release|Any CPU
		{553AF084-024D-4DD5-A5C6-0080F0E76C24}.Release|Any CPU.Build.0 = Release|Any CPU
		{7B04CE9F-3929-4368-AAE3-C21571EF95C5}.Debug|Any CPU.ActiveCfg = Debug|Any CPU
		{7B04CE9F-3929-4368-AAE3-C21571EF95C5}.Debug|Any CPU.Build.0 = Debug|Any CPU
		{7B04CE9F-3929-4368-AAE3-C21571EF95C5}.Release|Any CPU.ActiveCfg = Release|Any CPU
		{7B04CE9F-3929-4368-AAE3-C21571EF95C5}.Release|Any CPU.Build.0 = Release|Any CPU
		{57CCE085-1314-4D8D-B636-2BF90B873CA4}.Debug|Any CPU.ActiveCfg = Debug|Any CPU
		{57CCE085-1314-4D8D-B636-2BF90B873CA4}.Debug|Any CPU.Build.0 = Debug|Any CPU
		{57CCE085-1314-4D8D-B636-2BF90B873CA4}.Release|Any CPU.ActiveCfg = Release|Any CPU
		{57CCE085-1314-4D8D-B636-2BF90B873CA4}.Release|Any CPU.Build.0 = Release|Any CPU
	EndGlobalSection
	GlobalSection(SolutionProperties) = preSolution
		HideSolutionNode = FALSE
	EndGlobalSection
	GlobalSection(ExtensibilityGlobals) = postSolution
		SolutionGuid = {577DA4C9-D084-4D95-8396-3D7CB6337926}
	EndGlobalSection
EndGlobal
